
Microsoft Visual Studio Solution File, Format Version 12.00
# Visual Studio Version 17
VisualStudioVersion = 17.12.35521.163
MinimumVisualStudioVersion = 10.0.40219.1
Project("{2150E333-8FDC-42A3-9474-1A3956D46DE8}") = "Services", "Services", "{EBD0FAC8-B4A8-4ACA-A2D5-D5DE5D36CA61}"
EndProject
Project("{2150E333-8FDC-42A3-9474-1A3956D46DE8}") = "Catalog", "Catalog", "{2B7D2BAB-4F24-4A24-ABAB-9B81F1EBA386}"
EndProject
Project("{FAE04EC0-301F-11D3-BF4B-00C04F79EFBC}") = "MultiShop.Catalog", "Services\Catalog\MultiShop.Catalog\MultiShop.Catalog.csproj", "{CC21199B-7AFD-43CE-AE4F-8B7160875DE8}"
EndProject
Project("{2150E333-8FDC-42A3-9474-1A3956D46DE8}") = "Discount", "Discount", "{4A863099-AA14-421E-BD3E-30E79FC5F0C2}"
EndProject
Project("{FAE04EC0-301F-11D3-BF4B-00C04F79EFBC}") = "MultiShop.Discount", "Services\Discount\MultiShop.Discount\MultiShop.Discount.csproj", "{23BBF438-ED38-47BA-9420-F36970F1397E}"
EndProject
Project("{2150E333-8FDC-42A3-9474-1A3956D46DE8}") = "Order", "Order", "{B65B3EFB-F593-4A35-AAA9-6EDA82BA8C11}"
EndProject
Project("{2150E333-8FDC-42A3-9474-1A3956D46DE8}") = "Core", "Core", "{E449D331-4EBF-406D-9B12-002A334A1709}"
EndProject
Project("{2150E333-8FDC-42A3-9474-1A3956D46DE8}") = "Infrastracture", "Infrastracture", "{A858B314-4231-404C-9346-F0104F4D0A5B}"
EndProject
Project("{2150E333-8FDC-42A3-9474-1A3956D46DE8}") = "Presentation", "Presentation", "{7065D679-7773-482D-A2BF-B107FA9EF087}"
EndProject
Project("{FAE04EC0-301F-11D3-BF4B-00C04F79EFBC}") = "MultiShop.Order.Domain", "Services\Order\Core\MultiShop.Order.Domain\MultiShop.Order.Domain.csproj", "{F5EC4133-8040-4560-8B27-6A3DFD9E99B9}"
EndProject
Project("{FAE04EC0-301F-11D3-BF4B-00C04F79EFBC}") = "MultiShop.Order.Application", "Services\Order\Core\MultiShop.Order.Application\MultiShop.Order.Application.csproj", "{E3128BCA-4914-4042-ADF5-F57785EF1310}"
EndProject
Project("{FAE04EC0-301F-11D3-BF4B-00C04F79EFBC}") = "MultiShop.Order.Persistence", "Services\Order\Infrastucture\MultiShop.Order.Persistence\MultiShop.Order.Persistence.csproj", "{A745027E-3C6A-4CF3-B1BD-CACFAFC34017}"
EndProject
Project("{FAE04EC0-301F-11D3-BF4B-00C04F79EFBC}") = "MultiShop.Order.WebAPI", "Services\Order\Presentation\MultiShop.Order.WebAPI\MultiShop.Order.WebAPI.csproj", "{4509F327-C057-400B-977F-A9EEFC423C10}"
EndProject
Global
	GlobalSection(SolutionConfigurationPlatforms) = preSolution
		Debug|Any CPU = Debug|Any CPU
		Release|Any CPU = Release|Any CPU
	EndGlobalSection
	GlobalSection(ProjectConfigurationPlatforms) = postSolution
		{CC21199B-7AFD-43CE-AE4F-8B7160875DE8}.Debug|Any CPU.ActiveCfg = Debug|Any CPU
		{CC21199B-7AFD-43CE-AE4F-8B7160875DE8}.Debug|Any CPU.Build.0 = Debug|Any CPU
		{CC21199B-7AFD-43CE-AE4F-8B7160875DE8}.Release|Any CPU.ActiveCfg = Release|Any CPU
		{CC21199B-7AFD-43CE-AE4F-8B7160875DE8}.Release|Any CPU.Build.0 = Release|Any CPU
		{23BBF438-ED38-47BA-9420-F36970F1397E}.Debug|Any CPU.ActiveCfg = Debug|Any CPU
		{23BBF438-ED38-47BA-9420-F36970F1397E}.Debug|Any CPU.Build.0 = Debug|Any CPU
		{23BBF438-ED38-47BA-9420-F36970F1397E}.Release|Any CPU.ActiveCfg = Release|Any CPU
		{23BBF438-ED38-47BA-9420-F36970F1397E}.Release|Any CPU.Build.0 = Release|Any CPU
		{F5EC4133-8040-4560-8B27-6A3DFD9E99B9}.Debug|Any CPU.ActiveCfg = Debug|Any CPU
		{F5EC4133-8040-4560-8B27-6A3DFD9E99B9}.Debug|Any CPU.Build.0 = Debug|Any CPU
		{F5EC4133-8040-4560-8B27-6A3DFD9E99B9}.Release|Any CPU.ActiveCfg = Release|Any CPU
		{F5EC4133-8040-4560-8B27-6A3DFD9E99B9}.Release|Any CPU.Build.0 = Release|Any CPU
		{E3128BCA-4914-4042-ADF5-F57785EF1310}.Debug|Any CPU.ActiveCfg = Debug|Any CPU
		{E3128BCA-4914-4042-ADF5-F57785EF1310}.Debug|Any CPU.Build.0 = Debug|Any CPU
		{E3128BCA-4914-4042-ADF5-F57785EF1310}.Release|Any CPU.ActiveCfg = Release|Any CPU
		{E3128BCA-4914-4042-ADF5-F57785EF1310}.Release|Any CPU.Build.0 = Release|Any CPU
		{A745027E-3C6A-4CF3-B1BD-CACFAFC34017}.Debug|Any CPU.ActiveCfg = Debug|Any CPU
		{A745027E-3C6A-4CF3-B1BD-CACFAFC34017}.Debug|Any CPU.Build.0 = Debug|Any CPU
		{A745027E-3C6A-4CF3-B1BD-CACFAFC34017}.Release|Any CPU.ActiveCfg = Release|Any CPU
		{A745027E-3C6A-4CF3-B1BD-CACFAFC34017}.Release|Any CPU.Build.0 = Release|Any CPU
		{4509F327-C057-400B-977F-A9EEFC423C10}.Debug|Any CPU.ActiveCfg = Debug|Any CPU
		{4509F327-C057-400B-977F-A9EEFC423C10}.Debug|Any CPU.Build.0 = Debug|Any CPU
		{4509F327-C057-400B-977F-A9EEFC423C10}.Release|Any CPU.ActiveCfg = Release|Any CPU
		{4509F327-C057-400B-977F-A9EEFC423C10}.Release|Any CPU.Build.0 = Release|Any CPU
	EndGlobalSection
	GlobalSection(SolutionProperties) = preSolution
		HideSolutionNode = FALSE
	EndGlobalSection
	GlobalSection(NestedProjects) = preSolution
		{2B7D2BAB-4F24-4A24-ABAB-9B81F1EBA386} = {EBD0FAC8-B4A8-4ACA-A2D5-D5DE5D36CA61}
		{CC21199B-7AFD-43CE-AE4F-8B7160875DE8} = {2B7D2BAB-4F24-4A24-ABAB-9B81F1EBA386}
		{4A863099-AA14-421E-BD3E-30E79FC5F0C2} = {EBD0FAC8-B4A8-4ACA-A2D5-D5DE5D36CA61}
		{23BBF438-ED38-47BA-9420-F36970F1397E} = {4A863099-AA14-421E-BD3E-30E79FC5F0C2}
		{B65B3EFB-F593-4A35-AAA9-6EDA82BA8C11} = {EBD0FAC8-B4A8-4ACA-A2D5-D5DE5D36CA61}
		{E449D331-4EBF-406D-9B12-002A334A1709} = {B65B3EFB-F593-4A35-AAA9-6EDA82BA8C11}
		{A858B314-4231-404C-9346-F0104F4D0A5B} = {B65B3EFB-F593-4A35-AAA9-6EDA82BA8C11}
		{7065D679-7773-482D-A2BF-B107FA9EF087} = {B65B3EFB-F593-4A35-AAA9-6EDA82BA8C11}
		{F5EC4133-8040-4560-8B27-6A3DFD9E99B9} = {E449D331-4EBF-406D-9B12-002A334A1709}
		{E3128BCA-4914-4042-ADF5-F57785EF1310} = {E449D331-4EBF-406D-9B12-002A334A1709}
		{A745027E-3C6A-4CF3-B1BD-CACFAFC34017} = {A858B314-4231-404C-9346-F0104F4D0A5B}
		{4509F327-C057-400B-977F-A9EEFC423C10} = {7065D679-7773-482D-A2BF-B107FA9EF087}
	EndGlobalSection
EndGlobal
