
Microsoft Visual Studio Solution File, Format Version 12.00
# Visual Studio Version 17
VisualStudioVersion = 17.12.35521.163
MinimumVisualStudioVersion = 10.0.40219.1
Project("{2150E333-8FDC-42A3-9474-1A3956D46DE8}") = "Services", "Services", "{EBD0FAC8-B4A8-4ACA-A2D5-D5DE5D36CA61}"
EndProject
Project("{2150E333-8FDC-42A3-9474-1A3956D46DE8}") = "Catalog", "Catalog", "{2B7D2BAB-4F24-4A24-ABAB-9B81F1EBA386}"
EndProject
Project("{FAE04EC0-301F-11D3-BF4B-00C04F79EFBC}") = "MultiShop.Catalog", "Services\Catalog\MultiShop.Catalog\MultiShop.Catalog.csproj", "{CC21199B-7AFD-43CE-AE4F-8B7160875DE8}"
EndProject
Project("{2150E333-8FDC-42A3-9474-1A3956D46DE8}") = "Discount", "Discount", "{4A863099-AA14-421E-BD3E-30E79FC5F0C2}"
EndProject
Project("{FAE04EC0-301F-11D3-BF4B-00C04F79EFBC}") = "MultiShop.Discount", "Services\Discount\MultiShop.Discount\MultiShop.Discount.csproj", "{23BBF438-ED38-47BA-9420-F36970F1397E}"
EndProject
Project("{2150E333-8FDC-42A3-9474-1A3956D46DE8}") = "Order", "Order", "{B65B3EFB-F593-4A35-AAA9-6EDA82BA8C11}"
EndProject
Project("{2150E333-8FDC-42A3-9474-1A3956D46DE8}") = "Core", "Core", "{E449D331-4EBF-406D-9B12-002A334A1709}"
EndProject
Project("{2150E333-8FDC-42A3-9474-1A3956D46DE8}") = "Infrastracture", "Infrastracture", "{A858B314-4231-404C-9346-F0104F4D0A5B}"
EndProject
Project("{2150E333-8FDC-42A3-9474-1A3956D46DE8}") = "Presentation", "Presentation", "{7065D679-7773-482D-A2BF-B107FA9EF087}"
EndProject
Project("{FAE04EC0-301F-11D3-BF4B-00C04F79EFBC}") = "MultiShop.Order.Domain", "Services\Order\Core\MultiShop.Order.Domain\MultiShop.Order.Domain.csproj", "{F5EC4133-8040-4560-8B27-6A3DFD9E99B9}"
EndProject
Project("{FAE04EC0-301F-11D3-BF4B-00C04F79EFBC}") = "MultiShop.Order.Application", "Services\Order\Core\MultiShop.Order.Application\MultiShop.Order.Application.csproj", "{E3128BCA-4914-4042-ADF5-F57785EF1310}"
EndProject
Project("{FAE04EC0-301F-11D3-BF4B-00C04F79EFBC}") = "MultiShop.Order.Persistence", "Services\Order\Infrastucture\MultiShop.Order.Persistence\MultiShop.Order.Persistence.csproj", "{A745027E-3C6A-4CF3-B1BD-CACFAFC34017}"
EndProject
Project("{FAE04EC0-301F-11D3-BF4B-00C04F79EFBC}") = "MultiShop.Order.WebAPI", "Services\Order\Presentation\MultiShop.Order.WebAPI\MultiShop.Order.WebAPI.csproj", "{4509F327-C057-400B-977F-A9EEFC423C10}"
EndProject
Project("{2150E333-8FDC-42A3-9474-1A3956D46DE8}") = "IdentityServer", "IdentityServer", "{C3FFBD8D-AD93-4DBD-8030-403DFF816AB6}"
EndProject
Project("{FAE04EC0-301F-11D3-BF4B-00C04F79EFBC}") = "MultiShop.IdentityServer", "IdentityServer\MultiShop.IdentityServer\MultiShop.IdentityServer.csproj", "{F2A28C45-6BD9-464D-91EB-A7DAB80B0D9F}"
EndProject
Project("{2150E333-8FDC-42A3-9474-1A3956D46DE8}") = "Cargo", "Cargo", "{316DB004-3EF2-4722-8614-22C6CD2F7999}"
EndProject
Project("{FAE04EC0-301F-11D3-BF4B-00C04F79EFBC}") = "MultiShop.Cargo.Business", "Services\Cargo\MultiShop.Cargo.Business\MultiShop.Cargo.Business.csproj", "{A45B37C2-30C9-4303-A34F-42DD827712AF}"
EndProject
Project("{FAE04EC0-301F-11D3-BF4B-00C04F79EFBC}") = "MultiShop.Cargo.Entity", "Services\Cargo\MultiShop.Cargo.Entity\MultiShop.Cargo.Entity.csproj", "{2AC40BFA-6DE4-48C7-9E10-9272CAE42EAC}"
EndProject
Project("{FAE04EC0-301F-11D3-BF4B-00C04F79EFBC}") = "MultiShop.Cargo.DataAccess", "Services\Cargo\MultiShop.Cargo.DataAccess\MultiShop.Cargo.DataAccess.csproj", "{0B97ED14-C046-46A4-896E-FDCC94484BCE}"
EndProject
Project("{FAE04EC0-301F-11D3-BF4B-00C04F79EFBC}") = "MultiShop.Cargo.WebAPI", "Services\Cargo\MultiShop.Cargo.WebAPI\MultiShop.Cargo.WebAPI.csproj", "{62030F13-4AC7-4EF3-A20C-A9C2675488F7}"
EndProject
Project("{2150E333-8FDC-42A3-9474-1A3956D46DE8}") = "Requirements", "Requirements", "{03E13F84-C163-49FA-9342-CAEE8323D661}"
	ProjectSection(SolutionItems) = preProject
		OcelotLink.txt = OcelotLink.txt
		PortNumbers.txt = PortNumbers.txt
		Kullanıcı.txt = Kullanıcı.txt
	EndProjectSection
EndProject
Project("{FAE04EC0-301F-11D3-BF4B-00C04F79EFBC}") = "MultiShop.Cargo.Dto", "Services\Cargo\MultiShop.Cargo.Dto\MultiShop.Cargo.Dto.csproj", "{D008ADB8-7D30-46A0-8AEF-890E330C0E69}"
EndProject
Project("{2150E333-8FDC-42A3-9474-1A3956D46DE8}") = "Basket", "Basket", "{33C0361F-75EA-4AE5-A8C0-34C5E2F19B69}"
EndProject
Project("{FAE04EC0-301F-11D3-BF4B-00C04F79EFBC}") = "MultiShop.Basket", "Services\MultiShop.Basket\MultiShop.Basket.csproj", "{16A97B43-4E19-42B5-85CD-0A961BB175B8}"
EndProject
Project("{2150E333-8FDC-42A3-9474-1A3956D46DE8}") = "Frontends", "Frontends", "{739D5635-C6A0-4906-95E9-BA807BDFB88F}"
EndProject
Project("{FAE04EC0-301F-11D3-BF4B-00C04F79EFBC}") = "MultiShop.WebUI", "Frontends\MultiShop.WebUI\MultiShop.WebUI.csproj", "{BEF14709-7DD6-4D9E-873B-200B318163AA}"
EndProject
Project("{FAE04EC0-301F-11D3-BF4B-00C04F79EFBC}") = "MultiShop.DtoLayer", "Frontends\MultiShop.DtoLayer\MultiShop.DtoLayer.csproj", "{F3387996-0D7A-4B3C-9660-7FC75CC2851F}"
EndProject
Project("{2150E333-8FDC-42A3-9474-1A3956D46DE8}") = "Comment", "Comment", "{6C31B1D9-C5F5-47F8-9375-37BC61235685}"
EndProject
Project("{FAE04EC0-301F-11D3-BF4B-00C04F79EFBC}") = "MultiShop.Comment", "Services\Comment\MultiShop.Comment\MultiShop.Comment.csproj", "{36D79915-3606-4A6E-A1FE-4AE3DD801915}"
EndProject
Project("{2150E333-8FDC-42A3-9474-1A3956D46DE8}") = "ApiGateway", "ApiGateway", "{2E843C21-C3FB-4819-9A70-58B692A00266}"
EndProject
Project("{2150E333-8FDC-42A3-9474-1A3956D46DE8}") = "RapidApi", "RapidApi", "{23DF094A-6128-425B-BB98-E2115EF7901D}"
EndProject
Project("{FAE04EC0-301F-11D3-BF4B-00C04F79EFBC}") = "MultiShop.OcelotGateway", "ApiGateway\MultiShop.OcelotGateway\MultiShop.OcelotGateway.csproj", "{819E0B96-1BFA-4B98-9815-1BAFEDD11B09}"
EndProject
Global
	GlobalSection(SolutionConfigurationPlatforms) = preSolution
		Debug|Any CPU = Debug|Any CPU
		Release|Any CPU = Release|Any CPU
	EndGlobalSection
	GlobalSection(ProjectConfigurationPlatforms) = postSolution
		{CC21199B-7AFD-43CE-AE4F-8B7160875DE8}.Debug|Any CPU.ActiveCfg = Debug|Any CPU
		{CC21199B-7AFD-43CE-AE4F-8B7160875DE8}.Debug|Any CPU.Build.0 = Debug|Any CPU
		{CC21199B-7AFD-43CE-AE4F-8B7160875DE8}.Release|Any CPU.ActiveCfg = Release|Any CPU
		{CC21199B-7AFD-43CE-AE4F-8B7160875DE8}.Release|Any CPU.Build.0 = Release|Any CPU
		{23BBF438-ED38-47BA-9420-F36970F1397E}.Debug|Any CPU.ActiveCfg = Debug|Any CPU
		{23BBF438-ED38-47BA-9420-F36970F1397E}.Debug|Any CPU.Build.0 = Debug|Any CPU
		{23BBF438-ED38-47BA-9420-F36970F1397E}.Release|Any CPU.ActiveCfg = Release|Any CPU
		{23BBF438-ED38-47BA-9420-F36970F1397E}.Release|Any CPU.Build.0 = Release|Any CPU
		{F5EC4133-8040-4560-8B27-6A3DFD9E99B9}.Debug|Any CPU.ActiveCfg = Debug|Any CPU
		{F5EC4133-8040-4560-8B27-6A3DFD9E99B9}.Debug|Any CPU.Build.0 = Debug|Any CPU
		{F5EC4133-8040-4560-8B27-6A3DFD9E99B9}.Release|Any CPU.ActiveCfg = Release|Any CPU
		{F5EC4133-8040-4560-8B27-6A3DFD9E99B9}.Release|Any CPU.Build.0 = Release|Any CPU
		{E3128BCA-4914-4042-ADF5-F57785EF1310}.Debug|Any CPU.ActiveCfg = Debug|Any CPU
		{E3128BCA-4914-4042-ADF5-F57785EF1310}.Debug|Any CPU.Build.0 = Debug|Any CPU
		{E3128BCA-4914-4042-ADF5-F57785EF1310}.Release|Any CPU.ActiveCfg = Release|Any CPU
		{E3128BCA-4914-4042-ADF5-F57785EF1310}.Release|Any CPU.Build.0 = Release|Any CPU
		{A745027E-3C6A-4CF3-B1BD-CACFAFC34017}.Debug|Any CPU.ActiveCfg = Debug|Any CPU
		{A745027E-3C6A-4CF3-B1BD-CACFAFC34017}.Debug|Any CPU.Build.0 = Debug|Any CPU
		{A745027E-3C6A-4CF3-B1BD-CACFAFC34017}.Release|Any CPU.ActiveCfg = Release|Any CPU
		{A745027E-3C6A-4CF3-B1BD-CACFAFC34017}.Release|Any CPU.Build.0 = Release|Any CPU
		{4509F327-C057-400B-977F-A9EEFC423C10}.Debug|Any CPU.ActiveCfg = Debug|Any CPU
		{4509F327-C057-400B-977F-A9EEFC423C10}.Debug|Any CPU.Build.0 = Debug|Any CPU
		{4509F327-C057-400B-977F-A9EEFC423C10}.Release|Any CPU.ActiveCfg = Release|Any CPU
		{4509F327-C057-400B-977F-A9EEFC423C10}.Release|Any CPU.Build.0 = Release|Any CPU
		{F2A28C45-6BD9-464D-91EB-A7DAB80B0D9F}.Debug|Any CPU.ActiveCfg = Debug|Any CPU
		{F2A28C45-6BD9-464D-91EB-A7DAB80B0D9F}.Debug|Any CPU.Build.0 = Debug|Any CPU
		{F2A28C45-6BD9-464D-91EB-A7DAB80B0D9F}.Release|Any CPU.ActiveCfg = Release|Any CPU
		{F2A28C45-6BD9-464D-91EB-A7DAB80B0D9F}.Release|Any CPU.Build.0 = Release|Any CPU
		{A45B37C2-30C9-4303-A34F-42DD827712AF}.Debug|Any CPU.ActiveCfg = Debug|Any CPU
		{A45B37C2-30C9-4303-A34F-42DD827712AF}.Debug|Any CPU.Build.0 = Debug|Any CPU
		{A45B37C2-30C9-4303-A34F-42DD827712AF}.Release|Any CPU.ActiveCfg = Release|Any CPU
		{A45B37C2-30C9-4303-A34F-42DD827712AF}.Release|Any CPU.Build.0 = Release|Any CPU
		{2AC40BFA-6DE4-48C7-9E10-9272CAE42EAC}.Debug|Any CPU.ActiveCfg = Debug|Any CPU
		{2AC40BFA-6DE4-48C7-9E10-9272CAE42EAC}.Debug|Any CPU.Build.0 = Debug|Any CPU
		{2AC40BFA-6DE4-48C7-9E10-9272CAE42EAC}.Release|Any CPU.ActiveCfg = Release|Any CPU
		{2AC40BFA-6DE4-48C7-9E10-9272CAE42EAC}.Release|Any CPU.Build.0 = Release|Any CPU
		{0B97ED14-C046-46A4-896E-FDCC94484BCE}.Debug|Any CPU.ActiveCfg = Debug|Any CPU
		{0B97ED14-C046-46A4-896E-FDCC94484BCE}.Debug|Any CPU.Build.0 = Debug|Any CPU
		{0B97ED14-C046-46A4-896E-FDCC94484BCE}.Release|Any CPU.ActiveCfg = Release|Any CPU
		{0B97ED14-C046-46A4-896E-FDCC94484BCE}.Release|Any CPU.Build.0 = Release|Any CPU
		{62030F13-4AC7-4EF3-A20C-A9C2675488F7}.Debug|Any CPU.ActiveCfg = Debug|Any CPU
		{62030F13-4AC7-4EF3-A20C-A9C2675488F7}.Debug|Any CPU.Build.0 = Debug|Any CPU
		{62030F13-4AC7-4EF3-A20C-A9C2675488F7}.Release|Any CPU.ActiveCfg = Release|Any CPU
		{62030F13-4AC7-4EF3-A20C-A9C2675488F7}.Release|Any CPU.Build.0 = Release|Any CPU
		{D008ADB8-7D30-46A0-8AEF-890E330C0E69}.Debug|Any CPU.ActiveCfg = Debug|Any CPU
		{D008ADB8-7D30-46A0-8AEF-890E330C0E69}.Debug|Any CPU.Build.0 = Debug|Any CPU
		{D008ADB8-7D30-46A0-8AEF-890E330C0E69}.Release|Any CPU.ActiveCfg = Release|Any CPU
		{D008ADB8-7D30-46A0-8AEF-890E330C0E69}.Release|Any CPU.Build.0 = Release|Any CPU
		{16A97B43-4E19-42B5-85CD-0A961BB175B8}.Debug|Any CPU.ActiveCfg = Debug|Any CPU
		{16A97B43-4E19-42B5-85CD-0A961BB175B8}.Debug|Any CPU.Build.0 = Debug|Any CPU
		{16A97B43-4E19-42B5-85CD-0A961BB175B8}.Release|Any CPU.ActiveCfg = Release|Any CPU
		{16A97B43-4E19-42B5-85CD-0A961BB175B8}.Release|Any CPU.Build.0 = Release|Any CPU
		{BEF14709-7DD6-4D9E-873B-200B318163AA}.Debug|Any CPU.ActiveCfg = Debug|Any CPU
		{BEF14709-7DD6-4D9E-873B-200B318163AA}.Debug|Any CPU.Build.0 = Debug|Any CPU
		{BEF14709-7DD6-4D9E-873B-200B318163AA}.Release|Any CPU.ActiveCfg = Release|Any CPU
		{BEF14709-7DD6-4D9E-873B-200B318163AA}.Release|Any CPU.Build.0 = Release|Any CPU
		{F3387996-0D7A-4B3C-9660-7FC75CC2851F}.Debug|Any CPU.ActiveCfg = Debug|Any CPU
		{F3387996-0D7A-4B3C-9660-7FC75CC2851F}.Debug|Any CPU.Build.0 = Debug|Any CPU
		{F3387996-0D7A-4B3C-9660-7FC75CC2851F}.Release|Any CPU.ActiveCfg = Release|Any CPU
		{F3387996-0D7A-4B3C-9660-7FC75CC2851F}.Release|Any CPU.Build.0 = Release|Any CPU
		{36D79915-3606-4A6E-A1FE-4AE3DD801915}.Debug|Any CPU.ActiveCfg = Debug|Any CPU
		{36D79915-3606-4A6E-A1FE-4AE3DD801915}.Debug|Any CPU.Build.0 = Debug|Any CPU
		{36D79915-3606-4A6E-A1FE-4AE3DD801915}.Release|Any CPU.ActiveCfg = Release|Any CPU
		{36D79915-3606-4A6E-A1FE-4AE3DD801915}.Release|Any CPU.Build.0 = Release|Any CPU
		{819E0B96-1BFA-4B98-9815-1BAFEDD11B09}.Debug|Any CPU.ActiveCfg = Debug|Any CPU
		{819E0B96-1BFA-4B98-9815-1BAFEDD11B09}.Debug|Any CPU.Build.0 = Debug|Any CPU
		{819E0B96-1BFA-4B98-9815-1BAFEDD11B09}.Release|Any CPU.ActiveCfg = Release|Any CPU
		{819E0B96-1BFA-4B98-9815-1BAFEDD11B09}.Release|Any CPU.Build.0 = Release|Any CPU
	EndGlobalSection
	GlobalSection(SolutionProperties) = preSolution
		HideSolutionNode = FALSE
	EndGlobalSection
	GlobalSection(NestedProjects) = preSolution
		{2B7D2BAB-4F24-4A24-ABAB-9B81F1EBA386} = {EBD0FAC8-B4A8-4ACA-A2D5-D5DE5D36CA61}
		{CC21199B-7AFD-43CE-AE4F-8B7160875DE8} = {2B7D2BAB-4F24-4A24-ABAB-9B81F1EBA386}
		{4A863099-AA14-421E-BD3E-30E79FC5F0C2} = {EBD0FAC8-B4A8-4ACA-A2D5-D5DE5D36CA61}
		{23BBF438-ED38-47BA-9420-F36970F1397E} = {4A863099-AA14-421E-BD3E-30E79FC5F0C2}
		{B65B3EFB-F593-4A35-AAA9-6EDA82BA8C11} = {EBD0FAC8-B4A8-4ACA-A2D5-D5DE5D36CA61}
		{E449D331-4EBF-406D-9B12-002A334A1709} = {B65B3EFB-F593-4A35-AAA9-6EDA82BA8C11}
		{A858B314-4231-404C-9346-F0104F4D0A5B} = {B65B3EFB-F593-4A35-AAA9-6EDA82BA8C11}
		{7065D679-7773-482D-A2BF-B107FA9EF087} = {B65B3EFB-F593-4A35-AAA9-6EDA82BA8C11}
		{F5EC4133-8040-4560-8B27-6A3DFD9E99B9} = {E449D331-4EBF-406D-9B12-002A334A1709}
		{E3128BCA-4914-4042-ADF5-F57785EF1310} = {E449D331-4EBF-406D-9B12-002A334A1709}
		{A745027E-3C6A-4CF3-B1BD-CACFAFC34017} = {A858B314-4231-404C-9346-F0104F4D0A5B}
		{4509F327-C057-400B-977F-A9EEFC423C10} = {7065D679-7773-482D-A2BF-B107FA9EF087}
		{F2A28C45-6BD9-464D-91EB-A7DAB80B0D9F} = {C3FFBD8D-AD93-4DBD-8030-403DFF816AB6}
		{316DB004-3EF2-4722-8614-22C6CD2F7999} = {EBD0FAC8-B4A8-4ACA-A2D5-D5DE5D36CA61}
		{A45B37C2-30C9-4303-A34F-42DD827712AF} = {316DB004-3EF2-4722-8614-22C6CD2F7999}
		{2AC40BFA-6DE4-48C7-9E10-9272CAE42EAC} = {316DB004-3EF2-4722-8614-22C6CD2F7999}
		{0B97ED14-C046-46A4-896E-FDCC94484BCE} = {316DB004-3EF2-4722-8614-22C6CD2F7999}
		{62030F13-4AC7-4EF3-A20C-A9C2675488F7} = {316DB004-3EF2-4722-8614-22C6CD2F7999}
		{D008ADB8-7D30-46A0-8AEF-890E330C0E69} = {316DB004-3EF2-4722-8614-22C6CD2F7999}
		{33C0361F-75EA-4AE5-A8C0-34C5E2F19B69} = {EBD0FAC8-B4A8-4ACA-A2D5-D5DE5D36CA61}
		{16A97B43-4E19-42B5-85CD-0A961BB175B8} = {33C0361F-75EA-4AE5-A8C0-34C5E2F19B69}
		{BEF14709-7DD6-4D9E-873B-200B318163AA} = {739D5635-C6A0-4906-95E9-BA807BDFB88F}
		{F3387996-0D7A-4B3C-9660-7FC75CC2851F} = {739D5635-C6A0-4906-95E9-BA807BDFB88F}
		{6C31B1D9-C5F5-47F8-9375-37BC61235685} = {EBD0FAC8-B4A8-4ACA-A2D5-D5DE5D36CA61}
		{36D79915-3606-4A6E-A1FE-4AE3DD801915} = {6C31B1D9-C5F5-47F8-9375-37BC61235685}
		{819E0B96-1BFA-4B98-9815-1BAFEDD11B09} = {2E843C21-C3FB-4819-9A70-58B692A00266}
	EndGlobalSection
EndGlobal
